PODS:
  - AFNetworking (3.2.1):
    - AFNetworking/NSURLSession (= 3.2.1)
    - AFNetworking/Reachability (= 3.2.1)
    - AFNetworking/Security (= 3.2.1)
    - AFNetworking/Serialization (= 3.2.1)
    - AFNetworking/UIKit (= 3.2.1)
  - AFNetworking/NSURLSession (3.2.1):
    - AFNetworking/Reachability
    - AFNetworking/Security
    - AFNetworking/Serialization
  - AFNetworking/Reachability (3.2.1)
  - AFNetworking/Security (3.2.1)
  - AFNetworking/Serialization (3.2.1)
  - AFNetworking/UIKit (3.2.1):
    - AFNetworking/NSURLSession
  - Bugly (2.5.71)
  - CocoaAsyncSocket (7.6.4)
  - IQKeyboardManager (3.3.7)
  - Masonry (0.6.4)
  - MBProgressHUD (1.2.0)
  - MJRefresh (3.1.17)
  - QBImagePickerController (3.4.0)
  - ReactiveObjC (3.1.1)
  - SDWebImage (3.7.6):
    - SDWebImage/Core (= 3.7.6)
  - SDWebImage/Core (3.7.6)
  - YYCache (1.0.4)
  - YYModel (1.0.4)
  - YYText (1.0.7)

DEPENDENCIES:
  - AFNetworking (~> 3.0)
  - Bugly
  - CocoaAsyncSocket
  - IQKeyboardManager (~> 3.3.7)
  - Masonry (~> 0.6.1)
  - MBProgressHUD (~> 1.2.0)
  - MJRefresh (~> 3.1.12)
  - QBImagePickerController
  - ReactiveObjC
  - SDWebImage (~> 3.7.5)
  - YYCache
  - YYModel (~> 1.0.4)
  - YYText

SPEC REPOS:
  trunk:
    - AFNetworking
    - Bugly
    - CocoaAsyncSocket
    - IQKeyboardManager
    - Masonry
    - MBProgressHUD
    - MJRefresh
    - QBImagePickerController
    - ReactiveObjC
    - SDWebImage
    - YYCache
    - YYModel
    - YYText

SPEC CHECKSUMS:
  AFNetworking: b6f891fdfaed196b46c7a83cf209e09697b94057
  Bugly: fd066c75c4a0eca1440f9b6a84bd37d51bfc85ac
  CocoaAsyncSocket: 694058e7c0ed05a9e217d1b3c7ded962f4180845
  IQKeyboardManager: 249c3946acf61345c18b038eb50863fe2793e3a8
  Masonry: 281802d04d787ea2973179ee8bcb50500579ede2
  MBProgressHUD: 3ee5efcc380f6a79a7cc9b363dd669c5e1ae7406
  MJRefresh: ee5b68f639775462faba4db0fd243baf4d42c2cf
  QBImagePickerController: d54cf93db6decf26baf6ed3472f336ef35cae022
  ReactiveObjC: 011caa393aa0383245f2dcf9bf02e86b80b36040
  SDWebImage: c325cf02c30337336b95beff20a13df489ec0ec9
  YYCache: 8105b6638f5e849296c71f331ff83891a4942952
  YYModel: 2a7fdd96aaa4b86a824e26d0c517de8928c04b30
  YYText: 5c461d709e24d55a182d1441c41dc639a18a4849

PODFILE CHECKSUM: 9172c5e7de8ec34cba580a90aa1c318d50a61105

COCOAPODS: 1.9.0.beta.2
